
Microsoft Visual Studio Solution File, Format Version 12.00
# Visual Studio Version 17
VisualStudioVersion = 17.6.33723.286
MinimumVisualStudioVersion = 10.0.40219.1
Project("{FAE04EC0-301F-11D3-BF4B-00C04F79EFBC}") = "CSharpBasics", "CSharpBasics\CSharpBasics.csproj", "{DA6FDA31-FEEC-4DAE-9E18-7FE82FA7F5AF}"
EndProject
Global
	GlobalSection(SolutionConfigurationPlatforms) = preSolution
		Debug|Any CPU = Debug|Any CPU
		Release|Any CPU = Release|Any CPU
	EndGlobalSection
	GlobalSection(ProjectConfigurationPlatforms) = postSolution
		{DA6FDA31-FEEC-4DAE-9E18-7FE82FA7F5AF}.Debug|Any CPU.ActiveCfg = Debug|Any CPU
		{DA6FDA31-FEEC-4DAE-9E18-7FE82FA7F5AF}.Debug|Any CPU.Build.0 = Debug|Any CPU
		{DA6FDA31-FEEC-4DAE-9E18-7FE82FA7F5AF}.Release|Any CPU.ActiveCfg = Release|Any CPU
		{DA6FDA31-FEEC-4DAE-9E18-7FE82FA7F5AF}.Release|Any CPU.Build.0 = Release|Any CPU
	EndGlobalSection
	GlobalSection(SolutionProperties) = preSolution
		HideSolutionNode = FALSE
	EndGlobalSection
	GlobalSection(ExtensibilityGlobals) = postSolution
		SolutionGuid = {0457E6DA-ECA1-48E2-87D4-801DC8F83E77}
	EndGlobalSection
EndGlobal
